
Microsoft Visual Studio Solution File, Format Version 12.00
# Visual Studio Version 16
VisualStudioVersion = 16.0.30717.126
MinimumVisualStudioVersion = 10.0.40219.1
Project("{FAE04EC0-301F-11D3-BF4B-00C04F79EFBC}") = "ScrutorTests", "ScrutorTests\ScrutorTests.csproj", "{FBC1547C-695E-4258-B2BE-0CCB42649799}"
EndProject
Global
	GlobalSection(SolutionConfigurationPlatforms) = preSolution
		Debug|Any CPU = Debug|Any CPU
		Release|Any CPU = Release|Any CPU
	EndGlobalSection
	GlobalSection(ProjectConfigurationPlatforms) = postSolution
		{FBC1547C-695E-4258-B2BE-0CCB42649799}.Debug|Any CPU.ActiveCfg = Debug|Any CPU
		{FBC1547C-695E-4258-B2BE-0CCB42649799}.Debug|Any CPU.Build.0 = Debug|Any CPU
		{FBC1547C-695E-4258-B2BE-0CCB42649799}.Release|Any CPU.ActiveCfg = Release|Any CPU
		{FBC1547C-695E-4258-B2BE-0CCB42649799}.Release|Any CPU.Build.0 = Release|Any CPU
	EndGlobalSection
	GlobalSection(SolutionProperties) = preSolution
		HideSolutionNode = FALSE
	EndGlobalSection
	GlobalSection(ExtensibilityGlobals) = postSolution
		SolutionGuid = {D1C71F67-589F-4961-8B2F-B95B3B33C910}
	EndGlobalSection
EndGlobal
